
Microsoft Visual Studio Solution File, Format Version 12.00
# Visual Studio 15
VisualStudioVersion = 15.0.27130.2027
MinimumVisualStudioVersion = 10.0.40219.1
Project("{FAE04EC0-301F-11D3-BF4B-00C04F79EFBC}") = "Loginapp", "Loginapp\Loginapp.csproj", "{E99CF835-EA57-4219-A6AE-AE1A8455656B}"
EndProject
Project("{54435603-DBB4-11D2-8724-00A0C9A8B90C}") = "MainSetup", "MainSetup\MainSetup.vdproj", "{970F8871-C622-4871-9395-8A7DB171636A}"
EndProject
Global
	GlobalSection(SolutionConfigurationPlatforms) = preSolution
		Debug|Any CPU = Debug|Any CPU
		Release|Any CPU = Release|Any CPU
	EndGlobalSection
	GlobalSection(ProjectConfigurationPlatforms) = postSolution
		{E99CF835-EA57-4219-A6AE-AE1A8455656B}.Debug|Any CPU.ActiveCfg = Debug|Any CPU
		{E99CF835-EA57-4219-A6AE-AE1A8455656B}.Debug|Any CPU.Build.0 = Debug|Any CPU
		{E99CF835-EA57-4219-A6AE-AE1A8455656B}.Release|Any CPU.ActiveCfg = Release|Any CPU
		{E99CF835-EA57-4219-A6AE-AE1A8455656B}.Release|Any CPU.Build.0 = Release|Any CPU
		{970F8871-C622-4871-9395-8A7DB171636A}.Debug|Any CPU.ActiveCfg = Debug
		{970F8871-C622-4871-9395-8A7DB171636A}.Release|Any CPU.ActiveCfg = Release
	EndGlobalSection
	GlobalSection(SolutionProperties) = preSolution
		HideSolutionNode = FALSE
	EndGlobalSection
	GlobalSection(ExtensibilityGlobals) = postSolution
		SolutionGuid = {4FFF4ABE-B41F-4EA2-A17C-A93869BCB8F3}
	EndGlobalSection
EndGlobal
